Microsoft Visual Studio Solution File, Format Version 11.00
# Visual Studio 2008

Project("{123FC760-69D6-9AA0-D8B5-CE78A17B9C38}") = "VRChart", "Assembly-CSharp-firstpass.csproj", "{05C75841-98FD-3D97-630D-3B39CB18E859}"
EndProject
Project("{123FC760-69D6-9AA0-D8B5-CE78A17B9C38}") = "VRChart", "Assembly-CSharp.csproj", "{27C5CDDA-43FB-ED0F-8E6F-F6D97C669EDC}"
EndProject
Project("{123FC760-69D6-9AA0-D8B5-CE78A17B9C38}") = "VRChart", "Assembly-CSharp-Editor.csproj", "{F9D3CE6D-FBA5-5E11-4340-0D6D8275261A}"
EndProject
Global
	GlobalSection(SolutionConfigurationPlatforms) = preSolution
		Debug|Any CPU = Debug|Any CPU
		Release|Any CPU = Release|Any CPU
	EndGlobalSection
	GlobalSection(ProjectConfigurationPlatforms) = postSolution
		{05C75841-98FD-3D97-630D-3B39CB18E859}.Debug|Any CPU.ActiveCfg = Debug|Any CPU
		{05C75841-98FD-3D97-630D-3B39CB18E859}.Debug|Any CPU.Build.0 = Debug|Any CPU
		{05C75841-98FD-3D97-630D-3B39CB18E859}.Release|Any CPU.ActiveCfg = Release|Any CPU
		{05C75841-98FD-3D97-630D-3B39CB18E859}.Release|Any CPU.Build.0 = Release|Any CPU
		{27C5CDDA-43FB-ED0F-8E6F-F6D97C669EDC}.Debug|Any CPU.ActiveCfg = Debug|Any CPU
		{27C5CDDA-43FB-ED0F-8E6F-F6D97C669EDC}.Debug|Any CPU.Build.0 = Debug|Any CPU
		{27C5CDDA-43FB-ED0F-8E6F-F6D97C669EDC}.Release|Any CPU.ActiveCfg = Release|Any CPU
		{27C5CDDA-43FB-ED0F-8E6F-F6D97C669EDC}.Release|Any CPU.Build.0 = Release|Any CPU
		{F9D3CE6D-FBA5-5E11-4340-0D6D8275261A}.Debug|Any CPU.ActiveCfg = Debug|Any CPU
		{F9D3CE6D-FBA5-5E11-4340-0D6D8275261A}.Debug|Any CPU.Build.0 = Debug|Any CPU
		{F9D3CE6D-FBA5-5E11-4340-0D6D8275261A}.Release|Any CPU.ActiveCfg = Release|Any CPU
		{F9D3CE6D-FBA5-5E11-4340-0D6D8275261A}.Release|Any CPU.Build.0 = Release|Any CPU
	EndGlobalSection
	GlobalSection(SolutionProperties) = preSolution
		HideSolutionNode = FALSE
	EndGlobalSection
	GlobalSection(MonoDevelopProperties) = preSolution
		StartupItem = Assembly-CSharp.csproj
	EndGlobalSection
EndGlobal
